// !$*UTF8*$!
{
	archiveVersion = 1;
	classes = {
	};
	objectVersion = 51;
	objects = {

/* Begin PBXBuildFile section */
		593D45AE65A49DE439635D15 /* Pods_WorkWithFirebaseInApp.framework in Frameworks */ = {isa = PBXBuildFile; fileRef = 564800C6C49543FBB695F6D9 /* Pods_WorkWithFirebaseInApp.framework */; };
		DA64BE5C237CE9E60044D886 /* DateFormatted.swift in Sources */ = {isa = PBXBuildFile; fileRef = DA64BE5B237CE9E60044D886 /* DateFormatted.swift */; };
		DAB1BE5A2372567D009267D9 /* AppDelegate.swift in Sources */ = {isa = PBXBuildFile; fileRef = DAB1BE592372567D009267D9 /* AppDelegate.swift */; };
		DAB1BE5C2372567D009267D9 /* SceneDelegate.swift in Sources */ = {isa = PBXBuildFile; fileRef = DAB1BE5B2372567D009267D9 /* SceneDelegate.swift */; };
		DAB1BE5E2372567D009267D9 /* ViewController.swift in Sources */ = {isa = PBXBuildFile; fileRef = DAB1BE5D2372567D009267D9 /* ViewController.swift */; };
		DAB1BE612372567D009267D9 /* Main.storyboard in Resources */ = {isa = PBXBuildFile; fileRef = DAB1BE5F2372567D009267D9 /* Main.storyboard */; };
		DAB1BE632372568A009267D9 /* Assets.xcassets in Resources */ = {isa = PBXBuildFile; fileRef = DAB1BE622372568A009267D9 /* Assets.xcassets */; };
		DAB1BE662372568A009267D9 /* LaunchScreen.storyboard in Resources */ = {isa = PBXBuildFile; fileRef = DAB1BE642372568A009267D9 /* LaunchScreen.storyboard */; };
		DAB1BE7123725E3A009267D9 /* CustomTableViewCell.swift in Sources */ = {isa = PBXBuildFile; fileRef = DAB1BE7023725E3A009267D9 /* CustomTableViewCell.swift */; };
		DAB1BE7323725E6C009267D9 /* HomeTableViewController.swift in Sources */ = {isa = PBXBuildFile; fileRef = DAB1BE7223725E6C009267D9 /* HomeTableViewController.swift */; };
		DAB1BE752374EE97009267D9 /* OurData.swift in Sources */ = {isa = PBXBuildFile; fileRef = DAB1BE742374EE97009267D9 /* OurData.swift */; };
		DAB1BE772374F0F3009267D9 /* GoogleService-Info.plist in Resources */ = {isa = PBXBuildFile; fileRef = DAB1BE762374F0F3009267D9 /* GoogleService-Info.plist */; };
/* End PBXBuildFile section */

/* Begin PBXFileReference section */
		4716E4CD2228ED597E367170 /* Pods-WorkWithFirebaseInApp.debug.xcconfig */ = {isa = PBXFileReference; includeInIndex = 1; lastKnownFileType = text.xcconfig; name = "Pods-WorkWithFirebaseInApp.debug.xcconfig"; path = "Target Support Files/Pods-WorkWithFirebaseInApp/Pods-WorkWithFirebaseInApp.debug.xcconfig"; sourceTree = "<group>"; };
		564800C6C49543FBB695F6D9 /* Pods_WorkWithFirebaseInApp.framework */ = {isa = PBXFileReference; explicitFileType = wrapper.framework; includeInIndex = 0; path = Pods_WorkWithFirebaseInApp.framework; sourceTree = BUILT_PRODUCTS_DIR; };
		DA64BE5B237CE9E60044D886 /* DateFormatted.swift */ = {isa = PBXFileReference; lastKnownFileType = sourcecode.swift; path = DateFormatted.swift; sourceTree = "<group>"; };
		DAB1BE562372567D009267D9 /* WorkWithFirebaseInApp.app */ = {isa = PBXFileReference; explicitFileType = wrapper.application; includeInIndex = 0; path = WorkWithFirebaseInApp.app; sourceTree = BUILT_PRODUCTS_DIR; };
		DAB1BE592372567D009267D9 /* AppDelegate.swift */ = {isa = PBXFileReference; lastKnownFileType = sourcecode.swift; path = AppDelegate.swift; sourceTree = "<group>"; };
		DAB1BE5B2372567D009267D9 /* SceneDelegate.swift */ = {isa = PBXFileReference; lastKnownFileType = sourcecode.swift; path = SceneDelegate.swift; sourceTree = "<group>"; };
		DAB1BE5D2372567D009267D9 /* ViewController.swift */ = {isa = PBXFileReference; lastKnownFileType = sourcecode.swift; path = ViewController.swift; sourceTree = "<group>"; };
		DAB1BE602372567D009267D9 /* Base */ = {isa = PBXFileReference; lastKnownFileType = file.storyboard; name = Base; path = Base.lproj/Main.storyboard; sourceTree = "<group>"; };
		DAB1BE622372568A009267D9 /* Assets.xcassets */ = {isa = PBXFileReference; lastKnownFileType = folder.assetcatalog; path = Assets.xcassets; sourceTree = "<group>"; };
		DAB1BE652372568A009267D9 /* Base */ = {isa = PBXFileReference; lastKnownFileType = file.storyboard; name = Base; path = Base.lproj/LaunchScreen.storyboard; sourceTree = "<group>"; };
		DAB1BE672372568A009267D9 /* Info.plist */ = {isa = PBXFileReference; lastKnownFileType = text.plist.xml; path = Info.plist; sourceTree = "<group>"; };
		DAB1BE7023725E3A009267D9 /* CustomTableViewCell.swift */ = {isa = PBXFileReference; lastKnownFileType = sourcecode.swift; path = CustomTableViewCell.swift; sourceTree = "<group>"; };
		DAB1BE7223725E6C009267D9 /* HomeTableViewController.swift */ = {isa = PBXFileReference; lastKnownFileType = sourcecode.swift; path = HomeTableViewController.swift; sourceTree = "<group>"; };
		DAB1BE742374EE97009267D9 /* OurData.swift */ = {isa = PBXFileReference; lastKnownFileType = sourcecode.swift; path = OurData.swift; sourceTree = "<group>"; };
		DAB1BE762374F0F3009267D9 /* GoogleService-Info.plist */ = {isa = PBXFileReference; fileEncoding = 4; lastKnownFileType = text.plist.xml; path = "GoogleService-Info.plist"; sourceTree = "<group>"; };
		F4D1F4D749CEA906F70ABD1E /* Pods-WorkWithFirebaseInApp.release.xcconfig */ = {isa = PBXFileReference; includeInIndex = 1; lastKnownFileType = text.xcconfig; name = "Pods-WorkWithFirebaseInApp.release.xcconfig"; path = "Target Support Files/Pods-WorkWithFirebaseInApp/Pods-WorkWithFirebaseInApp.release.xcconfig"; sourceTree = "<group>"; };
/* End PBXFileReference section */

/* Begin PBXFrameworksBuildPhase section */
		DAB1BE532372567D009267D9 /* Frameworks */ = {
			isa = PBXFrameworksBuildPhase;
			buildActionMask = 2147483647;
			files = (
				593D45AE65A49DE439635D15 /* Pods_WorkWithFirebaseInApp.framework in Frameworks */,
			);
			runOnlyForDeploymentPostprocessing = 0;
		};
/* End PBXFrameworksBuildPhase section */

/* Begin PBXGroup section */
		056DBC679B035465C3B40320 /* Pods */ = {
			isa = PBXGroup;
			children = (
				4716E4CD2228ED597E367170 /* Pods-WorkWithFirebaseInApp.debug.xcconfig */,
				F4D1F4D749CEA906F70ABD1E /* Pods-WorkWithFirebaseInApp.release.xcconfig */,
			);
			path = Pods;
			sourceTree = "<group>";
		};
		84C3446A013CFD418430D2D7 /* Frameworks */ = {
			isa = PBXGroup;
			children = (
				564800C6C49543FBB695F6D9 /* Pods_WorkWithFirebaseInApp.framework */,
			);
			name = Frameworks;
			sourceTree = "<group>";
		};
		DAB1BE4D2372567D009267D9 = {
			isa = PBXGroup;
			children = (
				DAB1BE582372567D009267D9 /* WorkWithFirebaseInApp */,
				DAB1BE572372567D009267D9 /* Products */,
				056DBC679B035465C3B40320 /* Pods */,
				84C3446A013CFD418430D2D7 /* Frameworks */,
			);
			sourceTree = "<group>";
		};
		DAB1BE572372567D009267D9 /* Products */ = {
			isa = PBXGroup;
			children = (
				DAB1BE562372567D009267D9 /* WorkWithFirebaseInApp.app */,
			);
			name = Products;
			sourceTree = "<group>";
		};
		DAB1BE582372567D009267D9 /* WorkWithFirebaseInApp */ = {
			isa = PBXGroup;
			children = (
				DAB1BE6F23725D8E009267D9 /* Controller */,
				DAB1BE6E23725D7F009267D9 /* View */,
				DAB1BE6D23725D73009267D9 /* Model */,
				DAB1BE622372568A009267D9 /* Assets.xcassets */,
				DAB1BE762374F0F3009267D9 /* GoogleService-Info.plist */,
				DAB1BE672372568A009267D9 /* Info.plist */,
			);
			path = WorkWithFirebaseInApp;
			sourceTree = "<group>";
		};
		DAB1BE6D23725D73009267D9 /* Model */ = {
			isa = PBXGroup;
			children = (
				DAB1BE7023725E3A009267D9 /* CustomTableViewCell.swift */,
				DAB1BE742374EE97009267D9 /* OurData.swift */,
				DA64BE5B237CE9E60044D886 /* DateFormatted.swift */,
			);
			path = Model;
			sourceTree = "<group>";
		};
		DAB1BE6E23725D7F009267D9 /* View */ = {
			isa = PBXGroup;
			children = (
				DAB1BE5F2372567D009267D9 /* Main.storyboard */,
				DAB1BE642372568A009267D9 /* LaunchScreen.storyboard */,
			);
			path = View;
			sourceTree = "<group>";
		};
		DAB1BE6F23725D8E009267D9 /* Controller */ = {
			isa = PBXGroup;
			children = (
				DAB1BE5D2372567D009267D9 /* ViewController.swift */,
				DAB1BE592372567D009267D9 /* AppDelegate.swift */,
				DAB1BE5B2372567D009267D9 /* SceneDelegate.swift */,
				DAB1BE7223725E6C009267D9 /* HomeTableViewController.swift */,
			);
			path = Controller;
			sourceTree = "<group>";
		};
/* End PBXGroup section */

/* Begin PBXNativeTarget section */
		DAB1BE552372567D009267D9 /* WorkWithFirebaseInApp */ = {
			isa = PBXNativeTarget;
			buildConfigurationList = DAB1BE6A2372568A009267D9 /* Build configuration list for PBXNativeTarget "WorkWithFirebaseInApp" */;
			buildPhases = (
				69ED7FA973D5AB448DA8561A /* [CP] Check Pods Manifest.lock */,
				DAB1BE522372567D009267D9 /* Sources */,
				DAB1BE532372567D009267D9 /* Frameworks */,
				DAB1BE542372567D009267D9 /* Resources */,
				FFD7F1AABD54B1A71D63971C /* [CP] Embed Pods Frameworks */,
			);
			buildRules = (
			);
			dependencies = (
			);
			name = WorkWithFirebaseInApp;
			productName = WorkWithFirebaseInApp;
			productReference = DAB1BE562372567D009267D9 /* WorkWithFirebaseInApp.app */;
			productType = "com.apple.product-type.application";
		};
/* End PBXNativeTarget section */

/* Begin PBXProject section */
		DAB1BE4E2372567D009267D9 /* Project object */ = {
			isa = PBXProject;
			attributes = {
				LastSwiftUpdateCheck = 1120;
				LastUpgradeCheck = 1120;
				ORGANIZATIONNAME = "Kinney Kare";
				TargetAttributes = {
					DAB1BE552372567D009267D9 = {
						CreatedOnToolsVersion = 11.2;
					};
				};
			};
			buildConfigurationList = DAB1BE512372567D009267D9 /* Build configuration list for PBXProject "WorkWithFirebaseInApp" */;
			compatibilityVersion = "Xcode 9.3";
			developmentRegion = en;
			hasScannedForEncodings = 0;
			knownRegions = (
				en,
				Base,
			);
			mainGroup = DAB1BE4D2372567D009267D9;
			productRefGroup = DAB1BE572372567D009267D9 /* Products */;
			projectDirPath = "";
			projectRoot = "";
			targets = (
				DAB1BE552372567D009267D9 /* WorkWithFirebaseInApp */,
			);
		};
/* End PBXProject section */

/* Begin PBXResourcesBuildPhase section */
		DAB1BE542372567D009267D9 /* Resources */ = {
			isa = PBXResourcesBuildPhase;
			buildActionMask = 2147483647;
			files = (
				DAB1BE662372568A009267D9 /* LaunchScreen.storyboard in Resources */,
				DAB1BE772374F0F3009267D9 /* GoogleService-Info.plist in Resources */,
				DAB1BE632372568A009267D9 /* Assets.xcassets in Resources */,
				DAB1BE612372567D009267D9 /* Main.storyboard in Resources */,
			);
			runOnlyForDeploymentPostprocessing = 0;
		};
/* End PBXResourcesBuildPhase section */

/* Begin PBXShellScriptBuildPhase section */
		69ED7FA973D5AB448DA8561A /* [CP] Check Pods Manifest.lock */ = {
			isa = PBXShellScriptBuildPhase;
			buildActionMask = 2147483647;
			files = (
			);
			inputFileListPaths = (
			);
			inputPaths = (
				"${PODS_PODFILE_DIR_PATH}/Podfile.lock",
				"${PODS_ROOT}/Manifest.lock",
			);
			name = "[CP] Check Pods Manifest.lock";
			outputFileListPaths = (
			);
			outputPaths = (
				"$(DERIVED_FILE_DIR)/Pods-WorkWithFirebaseInApp-checkManifestLockResult.txt",
			);
			runOnlyForDeploymentPostprocessing = 0;
			shellPath = /bin/sh;
			shellScript = "diff \"${PODS_PODFILE_DIR_PATH}/Podfile.lock\" \"${PODS_ROOT}/Manifest.lock\" > /dev/null\nif [ $? != 0 ] ; then\n    # print error to STDERR\n    echo \"error: The sandbox is not in sync with the Podfile.lock. Run 'pod install' or update your CocoaPods installation.\" >&2\n    exit 1\nfi\n# This output is used by Xcode 'outputs' to avoid re-running this script phase.\necho \"SUCCESS\" > \"${SCRIPT_OUTPUT_FILE_0}\"\n";
			showEnvVarsInLog = 0;
		};
		FFD7F1AABD54B1A71D63971C /* [CP] Embed Pods Frameworks */ = {
			isa = PBXShellScriptBuildPhase;
			buildActionMask = 2147483647;
			files = (
			);
			inputFileListPaths = (
				"${PODS_ROOT}/Target Support Files/Pods-WorkWithFirebaseInApp/Pods-WorkWithFirebaseInApp-frameworks-${CONFIGURATION}-input-files.xcfilelist",
			);
			name = "[CP] Embed Pods Frameworks";
			outputFileListPaths = (
				"${PODS_ROOT}/Target Support Files/Pods-WorkWithFirebaseInApp/Pods-WorkWithFirebaseInApp-frameworks-${CONFIGURATION}-output-files.xcfilelist",
			);
			runOnlyForDeploymentPostprocessing = 0;
			shellPath = /bin/sh;
			shellScript = "\"${PODS_ROOT}/Target Support Files/Pods-WorkWithFirebaseInApp/Pods-WorkWithFirebaseInApp-frameworks.sh\"\n";
			showEnvVarsInLog = 0;
		};
/* End PBXShellScriptBuildPhase section */

/* Begin PBXSourcesBuildPhase section */
		DAB1BE522372567D009267D9 /* Sources */ = {
			isa = PBXSourcesBuildPhase;
			buildActionMask = 2147483647;
			files = (
				DAB1BE5E2372567D009267D9 /* ViewController.swift in Sources */,
				DAB1BE752374EE97009267D9 /* OurData.swift in Sources */,
				DA64BE5C237CE9E60044D886 /* DateFormatted.swift in Sources */,
				DAB1BE5A2372567D009267D9 /* AppDelegate.swift in Sources */,
				DAB1BE7123725E3A009267D9 /* CustomTableViewCell.swift in Sources */,
				DAB1BE5C2372567D009267D9 /* SceneDelegate.swift in Sources */,
				DAB1BE7323725E6C009267D9 /* HomeTableViewController.swift in Sources */,
			);
			runOnlyForDeploymentPostprocessing = 0;
		};
/* End PBXSourcesBuildPhase section */

/* Begin PBXVariantGroup section */
		DAB1BE5F2372567D009267D9 /* Main.storyboard */ = {
			isa = PBXVariantGroup;
			children = (
				DAB1BE602372567D009267D9 /* Base */,
			);
			name = Main.storyboard;
			sourceTree = "<group>";
		};
		DAB1BE642372568A009267D9 /* LaunchScreen.storyboard */ = {
			isa = PBXVariantGroup;
			children = (
				DAB1BE652372568A009267D9 /* Base */,
			);
			name = LaunchScreen.storyboard;
			sourceTree = "<group>";
		};
/* End PBXVariantGroup section */

/* Begin XCBuildConfiguration section */
		DAB1BE682372568A009267D9 /* Debug */ = {
			isa = XCBuildConfiguration;
			buildSettings = {
				ALWAYS_SEARCH_USER_PATHS = NO;
				CLANG_ANALYZER_NONNULL = YES;
				CLANG_ANALYZER_NUMBER_OBJECT_CONVERSION = YES_AGGRESSIVE;
				CLANG_CXX_LANGUAGE_STANDARD = "gnu++14";
				CLANG_CXX_LIBRARY = "libc++";
				CLANG_ENABLE_MODULES = YES;
				CLANG_ENABLE_OBJC_ARC = YES;
				CLANG_ENABLE_OBJC_WEAK = YES;
				CLANG_WARN_BLOCK_CAPTURE_AUTORELEASING = YES;
				CLANG_WARN_BOOL_CONVERSION = YES;
				CLANG_WARN_COMMA = YES;
				CLANG_WARN_CONSTANT_CONVERSION = YES;
				CLANG_WARN_DEPRECATED_OBJC_IMPLEMENTATIONS = YES;
				CLANG_WARN_DIRECT_OBJC_ISA_USAGE = YES_ERROR;
				CLANG_WARN_DOCUMENTATION_COMMENTS = YES;
				CLANG_WARN_EMPTY_BODY = YES;
				CLANG_WARN_ENUM_CONVERSION = YES;
				CLANG_WARN_INFINITE_RECURSION = YES;
				CLANG_WARN_INT_CONVERSION = YES;
				CLANG_WARN_NON_LITERAL_NULL_CONVERSION = YES;
				CLANG_WARN_OBJC_IMPLICIT_RETAIN_SELF = YES;
				CLANG_WARN_OBJC_LITERAL_CONVERSION = YES;
				CLANG_WARN_OBJC_ROOT_CLASS = YES_ERROR;
				CLANG_WARN_RANGE_LOOP_ANALYSIS = YES;
				CLANG_WARN_STRICT_PROTOTYPES = YES;
				CLANG_WARN_SUSPICIOUS_MOVE = YES;
				CLANG_WARN_UNGUARDED_AVAILABILITY = YES_AGGRESSIVE;
				CLANG_WARN_UNREACHABLE_CODE = YES;
				CLANG_WARN__DUPLICATE_METHOD_MATCH = YES;
				COPY_PHASE_STRIP = NO;
				DEBUG_INFORMATION_FORMAT = dwarf;
				ENABLE_STRICT_OBJC_MSGSEND = YES;
				ENABLE_TESTABILITY = YES;
				GCC_C_LANGUAGE_STANDARD = gnu11;
				GCC_DYNAMIC_NO_PIC = NO;
				GCC_NO_COMMON_BLOCKS = YES;
				GCC_OPTIMIZATION_LEVEL = 0;
				GCC_PREPROCESSOR_DEFINITIONS = (
					"DEBUG=1",
					"$(inherited)",
				);
				GCC_WARN_64_TO_32_BIT_CONVERSION = YES;
				GCC_WARN_ABOUT_RETURN_TYPE = YES_ERROR;
				GCC_WARN_UNDECLARED_SELECTOR = YES;
				GCC_WARN_UNINITIALIZED_AUTOS = YES_AGGRESSIVE;
				GCC_WARN_UNUSED_FUNCTION = YES;
				GCC_WARN_UNUSED_VARIABLE = YES;
				IPHONEOS_DEPLOYMENT_TARGET = 13.2;
				MTL_ENABLE_DEBUG_INFO = INCLUDE_SOURCE;
				MTL_FAST_MATH = YES;
				ONLY_ACTIVE_ARCH = YES;
				SDKROOT = iphoneos;
				SWIFT_ACTIVE_COMPILATION_CONDITIONS = DEBUG;
				SWIFT_OPTIMIZATION_LEVEL = "-Onone";
			};
			name = Debug;
		};
		DAB1BE692372568A009267D9 /* Release */ = {
			isa = XCBuildConfiguration;
			buildSettings = {
				ALWAYS_SEARCH_USER_PATHS = NO;
				CLANG_ANALYZER_NONNULL = YES;
				CLANG_ANALYZER_NUMBER_OBJECT_CONVERSION = YES_AGGRESSIVE;
				CLANG_CXX_LANGUAGE_STANDARD = "gnu++14";
				CLANG_CXX_LIBRARY = "libc++";
				CLANG_ENABLE_MODULES = YES;
				CLANG_ENABLE_OBJC_ARC = YES;
				CLANG_ENABLE_OBJC_WEAK = YES;
				CLANG_WARN_BLOCK_CAPTURE_AUTORELEASING = YES;
				CLANG_WARN_BOOL_CONVERSION = YES;
				CLANG_WARN_COMMA = YES;
				CLANG_WARN_CONSTANT_CONVERSION = YES;
				CLANG_WARN_DEPRECATED_OBJC_IMPLEMENTATIONS = YES;
				CLANG_WARN_DIRECT_OBJC_ISA_USAGE = YES_ERROR;
				CLANG_WARN_DOCUMENTATION_COMMENTS = YES;
				CLANG_WARN_EMPTY_BODY = YES;
				CLANG_WARN_ENUM_CONVERSION = YES;
				CLANG_WARN_INFINITE_RECURSION = YES;
				CLANG_WARN_INT_CONVERSION = YES;
				CLANG_WARN_NON_LITERAL_NULL_CONVERSION = YES;
				CLANG_WARN_OBJC_IMPLICIT_RETAIN_SELF = YES;
				CLANG_WARN_OBJC_LITERAL_CONVERSION = YES;
				CLANG_WARN_OBJC_ROOT_CLASS = YES_ERROR;
				CLANG_WARN_RANGE_LOOP_ANALYSIS = YES;
				CLANG_WARN_STRICT_PROTOTYPES = YES;
				CLANG_WARN_SUSPICIOUS_MOVE = YES;
				CLANG_WARN_UNGUARDED_AVAILABILITY = YES_AGGRESSIVE;
				CLANG_WARN_UNREACHABLE_CODE = YES;
				CLANG_WARN__DUPLICATE_METHOD_MATCH = YES;
				COPY_PHASE_STRIP = NO;
				DEBUG_INFORMATION_FORMAT = "dwarf-with-dsym";
				ENABLE_NS_ASSERTIONS = NO;
				ENABLE_STRICT_OBJC_MSGSEND = YES;
				GCC_C_LANGUAGE_STANDARD = gnu11;
				GCC_NO_COMMON_BLOCKS = YES;
				GCC_WARN_64_TO_32_BIT_CONVERSION = YES;
				GCC_WARN_ABOUT_RETURN_TYPE = YES_ERROR;
				GCC_WARN_UNDECLARED_SELECTOR = YES;
				GCC_WARN_UNINITIALIZED_AUTOS = YES_AGGRESSIVE;
				GCC_WARN_UNUSED_FUNCTION = YES;
				GCC_WARN_UNUSED_VARIABLE = YES;
				IPHONEOS_DEPLOYMENT_TARGET = 13.2;
				MTL_ENABLE_DEBUG_INFO = NO;
				MTL_FAST_MATH = YES;
				SDKROOT = iphoneos;
				SWIFT_COMPILATION_MODE = wholemodule;
				SWIFT_OPTIMIZATION_LEVEL = "-O";
				VALIDATE_PRODUCT = YES;
			};
			name = Release;
		};
		DAB1BE6B2372568A009267D9 /* Debug */ = {
			isa = XCBuildConfiguration;
			baseConfigurationReference = 4716E4CD2228ED597E367170 /* Pods-WorkWithFirebaseInApp.debug.xcconfig */;
			buildSettings = {
				ASSETCATALOG_COMPILER_APPICON_NAME = AppIcon;
				CODE_SIGN_STYLE = Automatic;
				DEVELOPMENT_TEAM = R7SHSK6MNC;
				INFOPLIST_FILE = WorkWithFirebaseInApp/Info.plist;
				LD_RUNPATH_SEARCH_PATHS = (
					"$(inherited)",
					"@executable_path/Frameworks",
				);
				PRODUCT_BUNDLE_IDENTIFIER = com.kinneykare.WorkWithFirebaseInApp;
				PRODUCT_NAME = "$(TARGET_NAME)";
				SWIFT_VERSION = 5.0;
				TARGETED_DEVICE_FAMILY = "1,2";
			};
			name = Debug;
		};
		DAB1BE6C2372568A009267D9 /* Release */ = {
			isa = XCBuildConfiguration;
			baseConfigurationReference = F4D1F4D749CEA906F70ABD1E /* Pods-WorkWithFirebaseInApp.release.xcconfig */;
			buildSettings = {
				ASSETCATALOG_COMPILER_APPICON_NAME = AppIcon;
				CODE_SIGN_STYLE = Automatic;
				DEVELOPMENT_TEAM = R7SHSK6MNC;
				INFOPLIST_FILE = WorkWithFirebaseInApp/Info.plist;
				LD_RUNPATH_SEARCH_PATHS = (
					"$(inherited)",
					"@executable_path/Frameworks",
				);
				PRODUCT_BUNDLE_IDENTIFIER = com.kinneykare.WorkWithFirebaseInApp;
				PRODUCT_NAME = "$(TARGET_NAME)";
				SWIFT_VERSION = 5.0;
				TARGETED_DEVICE_FAMILY = "1,2";
			};
			name = Release;
		};
/* End XCBuildConfiguration section */

/* Begin XCConfigurationList section */
		DAB1BE512372567D009267D9 /* Build configuration list for PBXProject "WorkWithFirebaseInApp" */ = {
			isa = XCConfigurationList;
			buildConfigurations = (
				DAB1BE682372568A009267D9 /* Debug */,
				DAB1BE692372568A009267D9 /* Release */,
			);
			defaultConfigurationIsVisible = 0;
			defaultConfigurationName = Release;
		};
		DAB1BE6A2372568A009267D9 /* Build configuration list for PBXNativeTarget "WorkWithFirebaseInApp" */ = {
			isa = XCConfigurationList;
			buildConfigurations = (
				DAB1BE6B2372568A009267D9 /* Debug */,
				DAB1BE6C2372568A009267D9 /* Release */,
			);
			defaultConfigurationIsVisible = 0;
			defaultConfigurationName = Release;
		};
/* End XCConfigurationList section */
	};
	rootObject = DAB1BE4E2372567D009267D9 /* Project object */;
}
